
Microsoft Visual Studio Solution File, Format Version 12.00
# Visual Studio Version 16
VisualStudioVersion = 16.0.30621.155
MinimumVisualStudioVersion = 10.0.40219.1
Project("{FAE04EC0-301F-11D3-BF4B-00C04F79EFBC}") = "Tabla de multiplicar", "Tabla de multiplicar\Tabla de multiplicar.csproj", "{637EE25C-7875-4707-B9F1-E48123CFA08A}"
EndProject
Global
	GlobalSection(SolutionConfigurationPlatforms) = preSolution
		Debug|Any CPU = Debug|Any CPU
		Release|Any CPU = Release|Any CPU
	EndGlobalSection
	GlobalSection(ProjectConfigurationPlatforms) = postSolution
		{637EE25C-7875-4707-B9F1-E48123CFA08A}.Debug|Any CPU.ActiveCfg = Debug|Any CPU
		{637EE25C-7875-4707-B9F1-E48123CFA08A}.Debug|Any CPU.Build.0 = Debug|Any CPU
		{637EE25C-7875-4707-B9F1-E48123CFA08A}.Release|Any CPU.ActiveCfg = Release|Any CPU
		{637EE25C-7875-4707-B9F1-E48123CFA08A}.Release|Any CPU.Build.0 = Release|Any CPU
	EndGlobalSection
	GlobalSection(SolutionProperties) = preSolution
		HideSolutionNode = FALSE
	EndGlobalSection
	GlobalSection(ExtensibilityGlobals) = postSolution
		SolutionGuid = {C010F5FD-FF93-4134-AFF0-E83127FBD454}
	EndGlobalSection
EndGlobal
